
Microsoft Visual Studio Solution File, Format Version 12.00
# Visual Studio Version 16
VisualStudioVersion = 16.0.31205.134
MinimumVisualStudioVersion = 10.0.40219.1
Project("{FAE04EC0-301F-11D3-BF4B-00C04F79EFBC}") = "Assignment-StudentManager", "Assignment-StudentManager\Assignment-StudentManager.csproj", "{DBAB8339-0EB7-417B-A043-CA58F65A21B1}"
EndProject
Global
	GlobalSection(SolutionConfigurationPlatforms) = preSolution
		Debug|Any CPU = Debug|Any CPU
		Release|Any CPU = Release|Any CPU
	EndGlobalSection
	GlobalSection(ProjectConfigurationPlatforms) = postSolution
		{DBAB8339-0EB7-417B-A043-CA58F65A21B1}.Debug|Any CPU.ActiveCfg = Debug|Any CPU
		{DBAB8339-0EB7-417B-A043-CA58F65A21B1}.Debug|Any CPU.Build.0 = Debug|Any CPU
		{DBAB8339-0EB7-417B-A043-CA58F65A21B1}.Release|Any CPU.ActiveCfg = Release|Any CPU
		{DBAB8339-0EB7-417B-A043-CA58F65A21B1}.Release|Any CPU.Build.0 = Release|Any CPU
	EndGlobalSection
	GlobalSection(SolutionProperties) = preSolution
		HideSolutionNode = FALSE
	EndGlobalSection
	GlobalSection(ExtensibilityGlobals) = postSolution
		SolutionGuid = {43A07B0C-9C77-4697-8FE9-CE2141608045}
	EndGlobalSection
EndGlobal
